dependencies:
- name: etcd
  repository: https://charts.bitnami.com/bitnami
  version: 8.11.4
- name: nats
  repository: https://nats-io.github.io/k8s/helm/charts/
  version: 1.1.10
- name: minio
  repository: https://charts.min.io
  version: 5.0.7
digest: sha256:64be3c22d45fc4099bcd5c39db30b6ee6b8ea7d627295cbf44b52e78401f5e5c
generated: "2024-04-15T20:42:22.193633+08:00"
