dependencies:
- name: etcd
  repository: https://charts.bitnami.com/bitnami
  version: 8.11.4
- name: nats
  repository: https://nats-io.github.io/k8s/helm/charts/
  version: 1.1.11
- name: minio
  repository: https://charts.min.io
  version: 5.0.7
digest: sha256:8ad744fb8404c8900becc3eda505c5a5ff47cf60283e47620347c2b3ecc3217f
generated: "2024-05-01T11:48:41.360461-07:00"
