dependencies:
- name: etcd
  repository: https://charts.bitnami.com/bitnami
  version: 10.4.2
- name: nats
  repository: https://nats-io.github.io/k8s/helm/charts/
  version: 1.2.6
- name: minio
  repository: https://charts.min.io
  version: 5.3.0
digest: sha256:63714207ce2a35dd0dac5d8f70e4c23cb058f1a6f710689dcdbd6fe018221cb0
generated: "2025-03-02T22:09:00.301286+08:00"
